
Microsoft Visual Studio Solution File, Format Version 12.00
# Visual Studio Version 16
VisualStudioVersion = 16.0.29102.190
MinimumVisualStudioVersion = 10.0.40219.1
Project("{D954291E-2A0B-460D-934E-DC6B0785DB48}") = "MyMvvmLightApp.Shared", "MyMvvmLightApp\MyMvvmLightApp.Shared\MyMvvmLightApp.Shared.shproj", "{6279C845-92F8-4333-AB99-3D213163593C}"
EndProject
Project("{FAE04EC0-301F-11D3-BF4B-00C04F79EFBC}") = "MyMvvmLightApp.Droid", "MyMvvmLightApp\MyMvvmLightApp.Droid\MyMvvmLightApp.Droid.csproj", "{95201841-01A2-4127-8133-D5641B6D1D1D}"
EndProject
Project("{FAE04EC0-301F-11D3-BF4B-00C04F79EFBC}") = "MyMvvmLightApp.iOS", "MyMvvmLightApp\MyMvvmLightApp.iOS\MyMvvmLightApp.iOS.csproj", "{E751C9A8-BAC6-4F04-A396-0C4BF09EF822}"
EndProject
Project("{FAE04EC0-301F-11D3-BF4B-00C04F79EFBC}") = "MyMvvmLightApp.UWP", "MyMvvmLightApp\MyMvvmLightApp.UWP\MyMvvmLightApp.UWP.csproj", "{7434A244-FD40-4C3F-BE89-842599F5F74F}"
EndProject
Project("{FAE04EC0-301F-11D3-BF4B-00C04F79EFBC}") = "MyMvvmLightApp.Wasm", "MyMvvmLightApp\MyMvvmLightApp.Wasm\MyMvvmLightApp.Wasm.csproj", "{741647F7-6483-43B2-A237-F8613D302418}"
EndProject
Global
	GlobalSection(SharedMSBuildProjectFiles) = preSolution
		MyMvvmLightApp\MyMvvmLightApp.Shared\MyMvvmLightApp.Shared.projitems*{6279c845-92f8-4333-ab99-3d213163593c}*SharedItemsImports = 13
	EndGlobalSection
	GlobalSection(SolutionConfigurationPlatforms) = preSolution
		Ad-Hoc|Any CPU = Ad-Hoc|Any CPU
		Ad-Hoc|ARM = Ad-Hoc|ARM
		Ad-Hoc|iPhone = Ad-Hoc|iPhone
		Ad-Hoc|iPhoneSimulator = Ad-Hoc|iPhoneSimulator
		Ad-Hoc|x64 = Ad-Hoc|x64
		Ad-Hoc|x86 = Ad-Hoc|x86
		AppStore|Any CPU = AppStore|Any CPU
		AppStore|ARM = AppStore|ARM
		AppStore|iPhone = AppStore|iPhone
		AppStore|iPhoneSimulator = AppStore|iPhoneSimulator
		AppStore|x64 = AppStore|x64
		AppStore|x86 = AppStore|x86
		Debug|Any CPU = Debug|Any CPU
		Debug|ARM = Debug|ARM
		Debug|iPhone = Debug|iPhone
		Debug|iPhoneSimulator = Debug|iPhoneSimulator
		Debug|x64 = Debug|x64
		Debug|x86 = Debug|x86
		Release|Any CPU = Release|Any CPU
		Release|ARM = Release|ARM
		Release|iPhone = Release|iPhone
		Release|iPhoneSimulator = Release|iPhoneSimulator
		Release|x64 = Release|x64
		Release|x86 = Release|x86
	EndGlobalSection
	GlobalSection(ProjectConfigurationPlatforms) = postSolution
		{95201841-01A2-4127-8133-D5641B6D1D1D}.Ad-Hoc|Any CPU.ActiveCfg = Release|Any CPU
		{95201841-01A2-4127-8133-D5641B6D1D1D}.Ad-Hoc|Any CPU.Build.0 = Release|Any CPU
		{95201841-01A2-4127-8133-D5641B6D1D1D}.Ad-Hoc|Any CPU.Deploy.0 = Release|Any CPU
		{95201841-01A2-4127-8133-D5641B6D1D1D}.Ad-Hoc|ARM.ActiveCfg = Release|Any CPU
		{95201841-01A2-4127-8133-D5641B6D1D1D}.Ad-Hoc|ARM.Build.0 = Release|Any CPU
		{95201841-01A2-4127-8133-D5641B6D1D1D}.Ad-Hoc|ARM.Deploy.0 = Release|Any CPU
		{95201841-01A2-4127-8133-D5641B6D1D1D}.Ad-Hoc|iPhone.ActiveCfg = Release|Any CPU
		{95201841-01A2-4127-8133-D5641B6D1D1D}.Ad-Hoc|iPhone.Build.0 = Release|Any CPU
		{95201841-01A2-4127-8133-D5641B6D1D1D}.Ad-Hoc|iPhone.Deploy.0 = Release|Any CPU
		{95201841-01A2-4127-8133-D5641B6D1D1D}.Ad-Hoc|iPhoneSimulator.ActiveCfg = Release|Any CPU
		{95201841-01A2-4127-8133-D5641B6D1D1D}.Ad-Hoc|iPhoneSimulator.Build.0 = Release|Any CPU
		{95201841-01A2-4127-8133-D5641B6D1D1D}.Ad-Hoc|iPhoneSimulator.Deploy.0 = Release|Any CPU
		{95201841-01A2-4127-8133-D5641B6D1D1D}.Ad-Hoc|x64.ActiveCfg = Release|Any CPU
		{95201841-01A2-4127-8133-D5641B6D1D1D}.Ad-Hoc|x64.Build.0 = Release|Any CPU
		{95201841-01A2-4127-8133-D5641B6D1D1D}.Ad-Hoc|x64.Deploy.0 = Release|Any CPU
		{95201841-01A2-4127-8133-D5641B6D1D1D}.Ad-Hoc|x86.ActiveCfg = Release|Any CPU
		{95201841-01A2-4127-8133-D5641B6D1D1D}.Ad-Hoc|x86.Build.0 = Release|Any CPU
		{95201841-01A2-4127-8133-D5641B6D1D1D}.Ad-Hoc|x86.Deploy.0 = Release|Any CPU
		{95201841-01A2-4127-8133-D5641B6D1D1D}.AppStore|Any CPU.ActiveCfg = Release|Any CPU
		{95201841-01A2-4127-8133-D5641B6D1D1D}.AppStore|Any CPU.Build.0 = Release|Any CPU
		{95201841-01A2-4127-8133-D5641B6D1D1D}.AppStore|Any CPU.Deploy.0 = Release|Any CPU
		{95201841-01A2-4127-8133-D5641B6D1D1D}.AppStore|ARM.ActiveCfg = Release|Any CPU
		{95201841-01A2-4127-8133-D5641B6D1D1D}.AppStore|ARM.Build.0 = Release|Any CPU
		{95201841-01A2-4127-8133-D5641B6D1D1D}.AppStore|ARM.Deploy.0 = Release|Any CPU
		{95201841-01A2-4127-8133-D5641B6D1D1D}.AppStore|iPhone.ActiveCfg = Release|Any CPU
		{95201841-01A2-4127-8133-D5641B6D1D1D}.AppStore|iPhone.Build.0 = Release|Any CPU
		{95201841-01A2-4127-8133-D5641B6D1D1D}.AppStore|iPhone.Deploy.0 = Release|Any CPU
		{95201841-01A2-4127-8133-D5641B6D1D1D}.AppStore|iPhoneSimulator.ActiveCfg = Release|Any CPU
		{95201841-01A2-4127-8133-D5641B6D1D1D}.AppStore|iPhoneSimulator.Build.0 = Release|Any CPU
		{95201841-01A2-4127-8133-D5641B6D1D1D}.AppStore|iPhoneSimulator.Deploy.0 = Release|Any CPU
		{95201841-01A2-4127-8133-D5641B6D1D1D}.AppStore|x64.ActiveCfg = Release|Any CPU
		{95201841-01A2-4127-8133-D5641B6D1D1D}.AppStore|x64.Build.0 = Release|Any CPU
		{95201841-01A2-4127-8133-D5641B6D1D1D}.AppStore|x64.Deploy.0 = Release|Any CPU
		{95201841-01A2-4127-8133-D5641B6D1D1D}.AppStore|x86.ActiveCfg = Release|Any CPU
		{95201841-01A2-4127-8133-D5641B6D1D1D}.AppStore|x86.Build.0 = Release|Any CPU
		{95201841-01A2-4127-8133-D5641B6D1D1D}.AppStore|x86.Deploy.0 = Release|Any CPU
		{95201841-01A2-4127-8133-D5641B6D1D1D}.Debug|Any CPU.ActiveCfg = Debug|Any CPU
		{95201841-01A2-4127-8133-D5641B6D1D1D}.Debug|Any CPU.Build.0 = Debug|Any CPU
		{95201841-01A2-4127-8133-D5641B6D1D1D}.Debug|Any CPU.Deploy.0 = Debug|Any CPU
		{95201841-01A2-4127-8133-D5641B6D1D1D}.Debug|ARM.ActiveCfg = Debug|Any CPU
		{95201841-01A2-4127-8133-D5641B6D1D1D}.Debug|ARM.Build.0 = Debug|Any CPU
		{95201841-01A2-4127-8133-D5641B6D1D1D}.Debug|ARM.Deploy.0 = Debug|Any CPU
		{95201841-01A2-4127-8133-D5641B6D1D1D}.Debug|iPhone.ActiveCfg = Debug|Any CPU
		{95201841-01A2-4127-8133-D5641B6D1D1D}.Debug|iPhone.Build.0 = Debug|Any CPU
		{95201841-01A2-4127-8133-D5641B6D1D1D}.Debug|iPhone.Deploy.0 = Debug|Any CPU
		{95201841-01A2-4127-8133-D5641B6D1D1D}.Debug|iPhoneSimulator.ActiveCfg = Debug|Any CPU
		{95201841-01A2-4127-8133-D5641B6D1D1D}.Debug|iPhoneSimulator.Build.0 = Debug|Any CPU
		{95201841-01A2-4127-8133-D5641B6D1D1D}.Debug|iPhoneSimulator.Deploy.0 = Debug|Any CPU
		{95201841-01A2-4127-8133-D5641B6D1D1D}.Debug|x64.ActiveCfg = Debug|Any CPU
		{95201841-01A2-4127-8133-D5641B6D1D1D}.Debug|x64.Build.0 = Debug|Any CPU
		{95201841-01A2-4127-8133-D5641B6D1D1D}.Debug|x64.Deploy.0 = Debug|Any CPU
		{95201841-01A2-4127-8133-D5641B6D1D1D}.Debug|x86.ActiveCfg = Debug|Any CPU
		{95201841-01A2-4127-8133-D5641B6D1D1D}.Debug|x86.Build.0 = Debug|Any CPU
		{95201841-01A2-4127-8133-D5641B6D1D1D}.Debug|x86.Deploy.0 = Debug|Any CPU
		{95201841-01A2-4127-8133-D5641B6D1D1D}.Release|Any CPU.ActiveCfg = Release|Any CPU
		{95201841-01A2-4127-8133-D5641B6D1D1D}.Release|Any CPU.Build.0 = Release|Any CPU
		{95201841-01A2-4127-8133-D5641B6D1D1D}.Release|Any CPU.Deploy.0 = Release|Any CPU
		{95201841-01A2-4127-8133-D5641B6D1D1D}.Release|ARM.ActiveCfg = Release|Any CPU
		{95201841-01A2-4127-8133-D5641B6D1D1D}.Release|ARM.Build.0 = Release|Any CPU
		{95201841-01A2-4127-8133-D5641B6D1D1D}.Release|ARM.Deploy.0 = Release|Any CPU
		{95201841-01A2-4127-8133-D5641B6D1D1D}.Release|iPhone.ActiveCfg = Release|Any CPU
		{95201841-01A2-4127-8133-D5641B6D1D1D}.Release|iPhone.Build.0 = Release|Any CPU
		{95201841-01A2-4127-8133-D5641B6D1D1D}.Release|iPhone.Deploy.0 = Release|Any CPU
		{95201841-01A2-4127-8133-D5641B6D1D1D}.Release|iPhoneSimulator.ActiveCfg = Release|Any CPU
		{95201841-01A2-4127-8133-D5641B6D1D1D}.Release|iPhoneSimulator.Build.0 = Release|Any CPU
		{95201841-01A2-4127-8133-D5641B6D1D1D}.Release|iPhoneSimulator.Deploy.0 = Release|Any CPU
		{95201841-01A2-4127-8133-D5641B6D1D1D}.Release|x64.ActiveCfg = Release|Any CPU
		{95201841-01A2-4127-8133-D5641B6D1D1D}.Release|x64.Build.0 = Release|Any CPU
		{95201841-01A2-4127-8133-D5641B6D1D1D}.Release|x64.Deploy.0 = Release|Any CPU
		{95201841-01A2-4127-8133-D5641B6D1D1D}.Release|x86.ActiveCfg = Release|Any CPU
		{95201841-01A2-4127-8133-D5641B6D1D1D}.Release|x86.Build.0 = Release|Any CPU
		{95201841-01A2-4127-8133-D5641B6D1D1D}.Release|x86.Deploy.0 = Release|Any CPU
		{E751C9A8-BAC6-4F04-A396-0C4BF09EF822}.Ad-Hoc|Any CPU.ActiveCfg = Ad-Hoc|iPhone
		{E751C9A8-BAC6-4F04-A396-0C4BF09EF822}.Ad-Hoc|ARM.ActiveCfg = Ad-Hoc|iPhone
		{E751C9A8-BAC6-4F04-A396-0C4BF09EF822}.Ad-Hoc|iPhone.ActiveCfg = Ad-Hoc|iPhone
		{E751C9A8-BAC6-4F04-A396-0C4BF09EF822}.Ad-Hoc|iPhone.Build.0 = Ad-Hoc|iPhone
		{E751C9A8-BAC6-4F04-A396-0C4BF09EF822}.Ad-Hoc|iPhoneSimulator.ActiveCfg = Ad-Hoc|iPhoneSimulator
		{E751C9A8-BAC6-4F04-A396-0C4BF09EF822}.Ad-Hoc|iPhoneSimulator.Build.0 = Ad-Hoc|iPhoneSimulator
		{E751C9A8-BAC6-4F04-A396-0C4BF09EF822}.Ad-Hoc|x64.ActiveCfg = Ad-Hoc|iPhone
		{E751C9A8-BAC6-4F04-A396-0C4BF09EF822}.Ad-Hoc|x86.ActiveCfg = Ad-Hoc|iPhone
		{E751C9A8-BAC6-4F04-A396-0C4BF09EF822}.AppStore|Any CPU.ActiveCfg = AppStore|iPhone
		{E751C9A8-BAC6-4F04-A396-0C4BF09EF822}.AppStore|ARM.ActiveCfg = AppStore|iPhone
		{E751C9A8-BAC6-4F04-A396-0C4BF09EF822}.AppStore|iPhone.ActiveCfg = AppStore|iPhone
		{E751C9A8-BAC6-4F04-A396-0C4BF09EF822}.AppStore|iPhone.Build.0 = AppStore|iPhone
		{E751C9A8-BAC6-4F04-A396-0C4BF09EF822}.AppStore|iPhoneSimulator.ActiveCfg = AppStore|iPhoneSimulator
		{E751C9A8-BAC6-4F04-A396-0C4BF09EF822}.AppStore|iPhoneSimulator.Build.0 = AppStore|iPhoneSimulator
		{E751C9A8-BAC6-4F04-A396-0C4BF09EF822}.AppStore|x64.ActiveCfg = AppStore|iPhone
		{E751C9A8-BAC6-4F04-A396-0C4BF09EF822}.AppStore|x86.ActiveCfg = AppStore|iPhone
		{E751C9A8-BAC6-4F04-A396-0C4BF09EF822}.Debug|Any CPU.ActiveCfg = Debug|iPhone
		{E751C9A8-BAC6-4F04-A396-0C4BF09EF822}.Debug|ARM.ActiveCfg = Debug|iPhone
		{E751C9A8-BAC6-4F04-A396-0C4BF09EF822}.Debug|iPhone.ActiveCfg = Debug|iPhone
		{E751C9A8-BAC6-4F04-A396-0C4BF09EF822}.Debug|iPhone.Build.0 = Debug|iPhone
		{E751C9A8-BAC6-4F04-A396-0C4BF09EF822}.Debug|iPhoneSimulator.ActiveCfg = Debug|iPhoneSimulator
		{E751C9A8-BAC6-4F04-A396-0C4BF09EF822}.Debug|iPhoneSimulator.Build.0 = Debug|iPhoneSimulator
		{E751C9A8-BAC6-4F04-A396-0C4BF09EF822}.Debug|x64.ActiveCfg = Debug|iPhone
		{E751C9A8-BAC6-4F04-A396-0C4BF09EF822}.Debug|x86.ActiveCfg = Debug|iPhone
		{E751C9A8-BAC6-4F04-A396-0C4BF09EF822}.Release|Any CPU.ActiveCfg = Release|iPhone
		{E751C9A8-BAC6-4F04-A396-0C4BF09EF822}.Release|ARM.ActiveCfg = Release|iPhone
		{E751C9A8-BAC6-4F04-A396-0C4BF09EF822}.Release|iPhone.ActiveCfg = Release|iPhone
		{E751C9A8-BAC6-4F04-A396-0C4BF09EF822}.Release|iPhone.Build.0 = Release|iPhone
		{E751C9A8-BAC6-4F04-A396-0C4BF09EF822}.Release|iPhoneSimulator.ActiveCfg = Release|iPhoneSimulator
		{E751C9A8-BAC6-4F04-A396-0C4BF09EF822}.Release|iPhoneSimulator.Build.0 = Release|iPhoneSimulator
		{E751C9A8-BAC6-4F04-A396-0C4BF09EF822}.Release|x64.ActiveCfg = Release|iPhone
		{E751C9A8-BAC6-4F04-A396-0C4BF09EF822}.Release|x86.ActiveCfg = Release|iPhone
		{7434A244-FD40-4C3F-BE89-842599F5F74F}.Ad-Hoc|Any CPU.ActiveCfg = Release|x64
		{7434A244-FD40-4C3F-BE89-842599F5F74F}.Ad-Hoc|Any CPU.Build.0 = Release|x64
		{7434A244-FD40-4C3F-BE89-842599F5F74F}.Ad-Hoc|Any CPU.Deploy.0 = Release|x64
		{7434A244-FD40-4C3F-BE89-842599F5F74F}.Ad-Hoc|ARM.ActiveCfg = Release|ARM
		{7434A244-FD40-4C3F-BE89-842599F5F74F}.Ad-Hoc|ARM.Build.0 = Release|ARM
		{7434A244-FD40-4C3F-BE89-842599F5F74F}.Ad-Hoc|ARM.Deploy.0 = Release|ARM
		{7434A244-FD40-4C3F-BE89-842599F5F74F}.Ad-Hoc|iPhone.ActiveCfg = Release|x64
		{7434A244-FD40-4C3F-BE89-842599F5F74F}.Ad-Hoc|iPhone.Build.0 = Release|x64
		{7434A244-FD40-4C3F-BE89-842599F5F74F}.Ad-Hoc|iPhone.Deploy.0 = Release|x64
		{7434A244-FD40-4C3F-BE89-842599F5F74F}.Ad-Hoc|iPhoneSimulator.ActiveCfg = Release|x64
		{7434A244-FD40-4C3F-BE89-842599F5F74F}.Ad-Hoc|iPhoneSimulator.Build.0 = Release|x64
		{7434A244-FD40-4C3F-BE89-842599F5F74F}.Ad-Hoc|iPhoneSimulator.Deploy.0 = Release|x64
		{7434A244-FD40-4C3F-BE89-842599F5F74F}.Ad-Hoc|x64.ActiveCfg = Release|x64
		{7434A244-FD40-4C3F-BE89-842599F5F74F}.Ad-Hoc|x64.Build.0 = Release|x64
		{7434A244-FD40-4C3F-BE89-842599F5F74F}.Ad-Hoc|x64.Deploy.0 = Release|x64
		{7434A244-FD40-4C3F-BE89-842599F5F74F}.Ad-Hoc|x86.ActiveCfg = Release|x86
		{7434A244-FD40-4C3F-BE89-842599F5F74F}.Ad-Hoc|x86.Build.0 = Release|x86
		{7434A244-FD40-4C3F-BE89-842599F5F74F}.Ad-Hoc|x86.Deploy.0 = Release|x86
		{7434A244-FD40-4C3F-BE89-842599F5F74F}.AppStore|Any CPU.ActiveCfg = Release|x64
		{7434A244-FD40-4C3F-BE89-842599F5F74F}.AppStore|Any CPU.Build.0 = Release|x64
		{7434A244-FD40-4C3F-BE89-842599F5F74F}.AppStore|Any CPU.Deploy.0 = Release|x64
		{7434A244-FD40-4C3F-BE89-842599F5F74F}.AppStore|ARM.ActiveCfg = Release|ARM
		{7434A244-FD40-4C3F-BE89-842599F5F74F}.AppStore|ARM.Build.0 = Release|ARM
		{7434A244-FD40-4C3F-BE89-842599F5F74F}.AppStore|ARM.Deploy.0 = Release|ARM
		{7434A244-FD40-4C3F-BE89-842599F5F74F}.AppStore|iPhone.ActiveCfg = Release|x64
		{7434A244-FD40-4C3F-BE89-842599F5F74F}.AppStore|iPhone.Build.0 = Release|x64
		{7434A244-FD40-4C3F-BE89-842599F5F74F}.AppStore|iPhone.Deploy.0 = Release|x64
		{7434A244-FD40-4C3F-BE89-842599F5F74F}.AppStore|iPhoneSimulator.ActiveCfg = Release|x64
		{7434A244-FD40-4C3F-BE89-842599F5F74F}.AppStore|iPhoneSimulator.Build.0 = Release|x64
		{7434A244-FD40-4C3F-BE89-842599F5F74F}.AppStore|iPhoneSimulator.Deploy.0 = Release|x64
		{7434A244-FD40-4C3F-BE89-842599F5F74F}.AppStore|x64.ActiveCfg = Release|x64
		{7434A244-FD40-4C3F-BE89-842599F5F74F}.AppStore|x64.Build.0 = Release|x64
		{7434A244-FD40-4C3F-BE89-842599F5F74F}.AppStore|x64.Deploy.0 = Release|x64
		{7434A244-FD40-4C3F-BE89-842599F5F74F}.AppStore|x86.ActiveCfg = Release|x86
		{7434A244-FD40-4C3F-BE89-842599F5F74F}.AppStore|x86.Build.0 = Release|x86
		{7434A244-FD40-4C3F-BE89-842599F5F74F}.AppStore|x86.Deploy.0 = Release|x86
		{7434A244-FD40-4C3F-BE89-842599F5F74F}.Debug|Any CPU.ActiveCfg = Debug|x86
		{7434A244-FD40-4C3F-BE89-842599F5F74F}.Debug|ARM.ActiveCfg = Debug|ARM
		{7434A244-FD40-4C3F-BE89-842599F5F74F}.Debug|ARM.Build.0 = Debug|ARM
		{7434A244-FD40-4C3F-BE89-842599F5F74F}.Debug|ARM.Deploy.0 = Debug|ARM
		{7434A244-FD40-4C3F-BE89-842599F5F74F}.Debug|iPhone.ActiveCfg = Debug|x86
		{7434A244-FD40-4C3F-BE89-842599F5F74F}.Debug|iPhoneSimulator.ActiveCfg = Debug|x86
		{7434A244-FD40-4C3F-BE89-842599F5F74F}.Debug|x64.ActiveCfg = Debug|x64
		{7434A244-FD40-4C3F-BE89-842599F5F74F}.Debug|x64.Build.0 = Debug|x64
		{7434A244-FD40-4C3F-BE89-842599F5F74F}.Debug|x64.Deploy.0 = Debug|x64
		{7434A244-FD40-4C3F-BE89-842599F5F74F}.Debug|x86.ActiveCfg = Debug|x86
		{7434A244-FD40-4C3F-BE89-842599F5F74F}.Debug|x86.Build.0 = Debug|x86
		{7434A244-FD40-4C3F-BE89-842599F5F74F}.Debug|x86.Deploy.0 = Debug|x86
		{7434A244-FD40-4C3F-BE89-842599F5F74F}.Release|Any CPU.ActiveCfg = Release|x86
		{7434A244-FD40-4C3F-BE89-842599F5F74F}.Release|ARM.ActiveCfg = Release|ARM
		{7434A244-FD40-4C3F-BE89-842599F5F74F}.Release|ARM.Build.0 = Release|ARM
		{7434A244-FD40-4C3F-BE89-842599F5F74F}.Release|ARM.Deploy.0 = Release|ARM
		{7434A244-FD40-4C3F-BE89-842599F5F74F}.Release|iPhone.ActiveCfg = Release|x86
		{7434A244-FD40-4C3F-BE89-842599F5F74F}.Release|iPhoneSimulator.ActiveCfg = Release|x86
		{7434A244-FD40-4C3F-BE89-842599F5F74F}.Release|x64.ActiveCfg = Release|x64
		{7434A244-FD40-4C3F-BE89-842599F5F74F}.Release|x64.Build.0 = Release|x64
		{7434A244-FD40-4C3F-BE89-842599F5F74F}.Release|x64.Deploy.0 = Release|x64
		{7434A244-FD40-4C3F-BE89-842599F5F74F}.Release|x86.ActiveCfg = Release|x86
		{7434A244-FD40-4C3F-BE89-842599F5F74F}.Release|x86.Build.0 = Release|x86
		{7434A244-FD40-4C3F-BE89-842599F5F74F}.Release|x86.Deploy.0 = Release|x86
		{741647F7-6483-43B2-A237-F8613D302418}.Ad-Hoc|Any CPU.ActiveCfg = Debug|Any CPU
		{741647F7-6483-43B2-A237-F8613D302418}.Ad-Hoc|Any CPU.Build.0 = Debug|Any CPU
		{741647F7-6483-43B2-A237-F8613D302418}.Ad-Hoc|ARM.ActiveCfg = Debug|Any CPU
		{741647F7-6483-43B2-A237-F8613D302418}.Ad-Hoc|ARM.Build.0 = Debug|Any CPU
		{741647F7-6483-43B2-A237-F8613D302418}.Ad-Hoc|iPhone.ActiveCfg = Debug|Any CPU
		{741647F7-6483-43B2-A237-F8613D302418}.Ad-Hoc|iPhone.Build.0 = Debug|Any CPU
		{741647F7-6483-43B2-A237-F8613D302418}.Ad-Hoc|iPhoneSimulator.ActiveCfg = Debug|Any CPU
		{741647F7-6483-43B2-A237-F8613D302418}.Ad-Hoc|iPhoneSimulator.Build.0 = Debug|Any CPU
		{741647F7-6483-43B2-A237-F8613D302418}.Ad-Hoc|x64.ActiveCfg = Debug|Any CPU
		{741647F7-6483-43B2-A237-F8613D302418}.Ad-Hoc|x64.Build.0 = Debug|Any CPU
		{741647F7-6483-43B2-A237-F8613D302418}.Ad-Hoc|x86.ActiveCfg = Debug|Any CPU
		{741647F7-6483-43B2-A237-F8613D302418}.Ad-Hoc|x86.Build.0 = Debug|Any CPU
		{741647F7-6483-43B2-A237-F8613D302418}.AppStore|Any CPU.ActiveCfg = Debug|Any CPU
		{741647F7-6483-43B2-A237-F8613D302418}.AppStore|Any CPU.Build.0 = Debug|Any CPU
		{741647F7-6483-43B2-A237-F8613D302418}.AppStore|ARM.ActiveCfg = Debug|Any CPU
		{741647F7-6483-43B2-A237-F8613D302418}.AppStore|ARM.Build.0 = Debug|Any CPU
		{741647F7-6483-43B2-A237-F8613D302418}.AppStore|iPhone.ActiveCfg = Debug|Any CPU
		{741647F7-6483-43B2-A237-F8613D302418}.AppStore|iPhone.Build.0 = Debug|Any CPU
		{741647F7-6483-43B2-A237-F8613D302418}.AppStore|iPhoneSimulator.ActiveCfg = Debug|Any CPU
		{741647F7-6483-43B2-A237-F8613D302418}.AppStore|iPhoneSimulator.Build.0 = Debug|Any CPU
		{741647F7-6483-43B2-A237-F8613D302418}.AppStore|x64.ActiveCfg = Debug|Any CPU
		{741647F7-6483-43B2-A237-F8613D302418}.AppStore|x64.Build.0 = Debug|Any CPU
		{741647F7-6483-43B2-A237-F8613D302418}.AppStore|x86.ActiveCfg = Debug|Any CPU
		{741647F7-6483-43B2-A237-F8613D302418}.AppStore|x86.Build.0 = Debug|Any CPU
		{741647F7-6483-43B2-A237-F8613D302418}.Debug|Any CPU.ActiveCfg = Debug|Any CPU
		{741647F7-6483-43B2-A237-F8613D302418}.Debug|Any CPU.Build.0 = Debug|Any CPU
		{741647F7-6483-43B2-A237-F8613D302418}.Debug|ARM.ActiveCfg = Debug|Any CPU
		{741647F7-6483-43B2-A237-F8613D302418}.Debug|ARM.Build.0 = Debug|Any CPU
		{741647F7-6483-43B2-A237-F8613D302418}.Debug|iPhone.ActiveCfg = Debug|Any CPU
		{741647F7-6483-43B2-A237-F8613D302418}.Debug|iPhone.Build.0 = Debug|Any CPU
		{741647F7-6483-43B2-A237-F8613D302418}.Debug|iPhoneSimulator.ActiveCfg = Debug|Any CPU
		{741647F7-6483-43B2-A237-F8613D302418}.Debug|iPhoneSimulator.Build.0 = Debug|Any CPU
		{741647F7-6483-43B2-A237-F8613D302418}.Debug|x64.ActiveCfg = Debug|Any CPU
		{741647F7-6483-43B2-A237-F8613D302418}.Debug|x64.Build.0 = Debug|Any CPU
		{741647F7-6483-43B2-A237-F8613D302418}.Debug|x86.ActiveCfg = Debug|Any CPU
		{741647F7-6483-43B2-A237-F8613D302418}.Debug|x86.Build.0 = Debug|Any CPU
		{741647F7-6483-43B2-A237-F8613D302418}.Release|Any CPU.ActiveCfg = Release|Any CPU
		{741647F7-6483-43B2-A237-F8613D302418}.Release|Any CPU.Build.0 = Release|Any CPU
		{741647F7-6483-43B2-A237-F8613D302418}.Release|ARM.ActiveCfg = Release|Any CPU
		{741647F7-6483-43B2-A237-F8613D302418}.Release|ARM.Build.0 = Release|Any CPU
		{741647F7-6483-43B2-A237-F8613D302418}.Release|iPhone.ActiveCfg = Release|Any CPU
		{741647F7-6483-43B2-A237-F8613D302418}.Release|iPhone.Build.0 = Release|Any CPU
		{741647F7-6483-43B2-A237-F8613D302418}.Release|iPhoneSimulator.ActiveCfg = Release|Any CPU
		{741647F7-6483-43B2-A237-F8613D302418}.Release|iPhoneSimulator.Build.0 = Release|Any CPU
		{741647F7-6483-43B2-A237-F8613D302418}.Release|x64.ActiveCfg = Release|Any CPU
		{741647F7-6483-43B2-A237-F8613D302418}.Release|x64.Build.0 = Release|Any CPU
		{741647F7-6483-43B2-A237-F8613D302418}.Release|x86.ActiveCfg = Release|Any CPU
		{741647F7-6483-43B2-A237-F8613D302418}.Release|x86.Build.0 = Release|Any CPU
	EndGlobalSection
	GlobalSection(SolutionProperties) = preSolution
		HideSolutionNode = FALSE
	EndGlobalSection
	GlobalSection(ExtensibilityGlobals) = postSolution
		SolutionGuid = {BDA26763-E2B5-4D6E-8489-E9B750E0BBFB}
	EndGlobalSection
EndGlobal
